
Microsoft Visual Studio Solution File, Format Version 12.00
# Visual Studio Version 17
VisualStudioVersion = 17.0.32014.148
MinimumVisualStudioVersion = 10.0.40219.1
Project("{9A19103F-16F7-4668-BE54-9A1E7A4F7556}") = "Rent-a-Car", "Rent-a-Car.csproj", "{D78BFAAB-82B1-4899-A0EB-15547DA82B56}"
EndProject
Project("{9A19103F-16F7-4668-BE54-9A1E7A4F7556}") = "Rent-a-car-UnitTests", "..\Rent-a-car-UnitTests\Rent-a-car-UnitTests.csproj", "{C98DE2E1-2E71-4549-AD6D-BD1BB5AE8812}"
EndProject
Global
	GlobalSection(SolutionConfigurationPlatforms) = preSolution
		Debug|Any CPU = Debug|Any CPU
		Debug|x64 = Debug|x64
		Debug|x86 = Debug|x86
		Release|Any CPU = Release|Any CPU
		Release|x64 = Release|x64
		Release|x86 = Release|x86
	EndGlobalSection
	GlobalSection(ProjectConfigurationPlatforms) = postSolution
		{D78BFAAB-82B1-4899-A0EB-15547DA82B56}.Debug|Any CPU.ActiveCfg = Debug|Any CPU
		{D78BFAAB-82B1-4899-A0EB-15547DA82B56}.Debug|Any CPU.Build.0 = Debug|Any CPU
		{D78BFAAB-82B1-4899-A0EB-15547DA82B56}.Debug|x64.ActiveCfg = Debug|Any CPU
		{D78BFAAB-82B1-4899-A0EB-15547DA82B56}.Debug|x64.Build.0 = Debug|Any CPU
		{D78BFAAB-82B1-4899-A0EB-15547DA82B56}.Debug|x86.ActiveCfg = Debug|Any CPU
		{D78BFAAB-82B1-4899-A0EB-15547DA82B56}.Debug|x86.Build.0 = Debug|Any CPU
		{D78BFAAB-82B1-4899-A0EB-15547DA82B56}.Release|Any CPU.ActiveCfg = Release|Any CPU
		{D78BFAAB-82B1-4899-A0EB-15547DA82B56}.Release|Any CPU.Build.0 = Release|Any CPU
		{D78BFAAB-82B1-4899-A0EB-15547DA82B56}.Release|x64.ActiveCfg = Release|Any CPU
		{D78BFAAB-82B1-4899-A0EB-15547DA82B56}.Release|x64.Build.0 = Release|Any CPU
		{D78BFAAB-82B1-4899-A0EB-15547DA82B56}.Release|x86.ActiveCfg = Release|Any CPU
		{D78BFAAB-82B1-4899-A0EB-15547DA82B56}.Release|x86.Build.0 = Release|Any CPU
		{C98DE2E1-2E71-4549-AD6D-BD1BB5AE8812}.Debug|Any CPU.ActiveCfg = Debug|Any CPU
		{C98DE2E1-2E71-4549-AD6D-BD1BB5AE8812}.Debug|Any CPU.Build.0 = Debug|Any CPU
		{C98DE2E1-2E71-4549-AD6D-BD1BB5AE8812}.Debug|x64.ActiveCfg = Debug|Any CPU
		{C98DE2E1-2E71-4549-AD6D-BD1BB5AE8812}.Debug|x64.Build.0 = Debug|Any CPU
		{C98DE2E1-2E71-4549-AD6D-BD1BB5AE8812}.Debug|x86.ActiveCfg = Debug|Any CPU
		{C98DE2E1-2E71-4549-AD6D-BD1BB5AE8812}.Debug|x86.Build.0 = Debug|Any CPU
		{C98DE2E1-2E71-4549-AD6D-BD1BB5AE8812}.Release|Any CPU.ActiveCfg = Release|Any CPU
		{C98DE2E1-2E71-4549-AD6D-BD1BB5AE8812}.Release|Any CPU.Build.0 = Release|Any CPU
		{C98DE2E1-2E71-4549-AD6D-BD1BB5AE8812}.Release|x64.ActiveCfg = Release|Any CPU
		{C98DE2E1-2E71-4549-AD6D-BD1BB5AE8812}.Release|x64.Build.0 = Release|Any CPU
		{C98DE2E1-2E71-4549-AD6D-BD1BB5AE8812}.Release|x86.ActiveCfg = Release|Any CPU
		{C98DE2E1-2E71-4549-AD6D-BD1BB5AE8812}.Release|x86.Build.0 = Release|Any CPU
	EndGlobalSection
	GlobalSection(SolutionProperties) = preSolution
		HideSolutionNode = FALSE
	EndGlobalSection
	GlobalSection(ExtensibilityGlobals) = postSolution
		SolutionGuid = {97B00EF3-F3E1-41B2-8689-8F944FA8117F}
	EndGlobalSection
EndGlobal
